
Microsoft Visual Studio Solution File, Format Version 12.00
# Visual Studio Version 16
VisualStudioVersion = 16.0.29306.81
MinimumVisualStudioVersion = 10.0.40219.1
Project("{FAE04EC0-301F-11D3-BF4B-00C04F79EFBC}") = "ComedyEvents", "ComedyEvents.csproj", "{A62E2740-B072-4A40-8FAC-2A48EF0E8EFC}"
EndProject
Global
	GlobalSection(SolutionConfigurationPlatforms) = preSolution
		Debug|Any CPU = Debug|Any CPU
		Release|Any CPU = Release|Any CPU
	EndGlobalSection
	GlobalSection(ProjectConfigurationPlatforms) = postSolution
		{A62E2740-B072-4A40-8FAC-2A48EF0E8EFC}.Debug|Any CPU.ActiveCfg = Debug|Any CPU
		{A62E2740-B072-4A40-8FAC-2A48EF0E8EFC}.Debug|Any CPU.Build.0 = Debug|Any CPU
		{A62E2740-B072-4A40-8FAC-2A48EF0E8EFC}.Release|Any CPU.ActiveCfg = Release|Any CPU
		{A62E2740-B072-4A40-8FAC-2A48EF0E8EFC}.Release|Any CPU.Build.0 = Release|Any CPU
	EndGlobalSection
	GlobalSection(SolutionProperties) = preSolution
		HideSolutionNode = FALSE
	EndGlobalSection
	GlobalSection(ExtensibilityGlobals) = postSolution
		SolutionGuid = {476D815E-E225-4515-8EE3-B78B30EB24EA}
	EndGlobalSection
EndGlobal
